# This file is autogenerated, do not edit; changes may be undone by the next 'dep ensure'.


[[projects]]
  branch = "master"
  name = "github.com/eclipse/paho.mqtt.golang"
  packages = [".","packets"]
  revision = "720ed1a92c623623f00233e4bcd8d513d6e2fbe7"

[[projects]]
  branch = "master"
  name = "github.com/hemtjanst/hemtjanst"
  packages = ["messaging/flagmqtt"]
  revision = "242d1a706c197680777f1adabab4598b79305e09"

[[projects]]
  name = "github.com/satori/go.uuid"
  packages = ["."]
  revision = "879c5887cd475cd7864858769793b2ceb0d44feb"
  version = "v1.1.0"

[[projects]]
  name = "github.com/ww24/lirc-web-api"
  packages = ["lirc"]
  revision = "6469f5f9803c9bf8f8f338682ad761c98020353b"
  version = "v0.2.10"

[[projects]]
  branch = "master"
  name = "golang.org/x/net"
  packages = ["proxy","websocket"]
  revision = "66aacef3dd8a676686c7ae3716979581e8b03c47"

[solve-meta]
  analyzer-name = "dep"
  analyzer-version = 1
  inputs-digest = "208bbb29e5b52d55155a8e544e1c80e2c6c22ffeb332937d24ff3056e0cb820d"
  solver-name = "gps-cdcl"
  solver-version = 1
