# This file is autogenerated, do not edit; changes may be undone by the next 'dep ensure'.


[[projects]]
  name = "github.com/eclipse/paho.mqtt.golang"
  packages = [".","packets"]
  revision = "aff15770515e3c57fc6109da73d42b0d46f7f483"
  version = "v1.1.0"

[[projects]]
  name = "github.com/hemtjanst/hemtjanst"
  packages = ["messaging/flagmqtt"]
  revision = "1e2cc2532b3863e732eeed8487e0688be0eec72f"
  version = "v0.1.0"

[[projects]]
  name = "github.com/satori/go.uuid"
  packages = ["."]
  revision = "879c5887cd475cd7864858769793b2ceb0d44feb"
  version = "v1.1.0"

[[projects]]
  name = "github.com/ww24/lirc-web-api"
  packages = ["lirc"]
  revision = "6469f5f9803c9bf8f8f338682ad761c98020353b"
  version = "v0.2.10"

[[projects]]
  branch = "master"
  name = "golang.org/x/net"
  packages = ["proxy","websocket"]
  revision = "1c05540f6879653db88113bc4a2b70aec4bd491f"

[solve-meta]
  analyzer-name = "dep"
  analyzer-version = 1
  inputs-digest = "e23da9414456dda91f6e991e4f44a8dc251fc38fce588df99ab9a6b4c9ee6315"
  solver-name = "gps-cdcl"
  solver-version = 1
